
Microsoft Visual Studio Solution File, Format Version 12.00
# Visual Studio Version 16
VisualStudioVersion = 16.0.32602.291
MinimumVisualStudioVersion = 10.0.40219.1
Project("{FAE04EC0-301F-11D3-BF4B-00C04F79EFBC}") = "BaseProfileCopy", "BaseProfileCopy\BaseProfileCopy.csproj", "{05E37D65-0322-4642-9810-9730FF49E170}"
EndProject
Global
	GlobalSection(SolutionConfigurationPlatforms) = preSolution
		Debug|Any CPU = Debug|Any CPU
		Release|Any CPU = Release|Any CPU
	EndGlobalSection
	GlobalSection(ProjectConfigurationPlatforms) = postSolution
		{05E37D65-0322-4642-9810-9730FF49E170}.Debug|Any CPU.ActiveCfg = Debug|Any CPU
		{05E37D65-0322-4642-9810-9730FF49E170}.Debug|Any CPU.Build.0 = Debug|Any CPU
		{05E37D65-0322-4642-9810-9730FF49E170}.Release|Any CPU.ActiveCfg = Release|Any CPU
		{05E37D65-0322-4642-9810-9730FF49E170}.Release|Any CPU.Build.0 = Release|Any CPU
	EndGlobalSection
	GlobalSection(SolutionProperties) = preSolution
		HideSolutionNode = FALSE
	EndGlobalSection
	GlobalSection(ExtensibilityGlobals) = postSolution
		SolutionGuid = {7E659402-E1EB-452D-978B-6B8102D489E6}
	EndGlobalSection
EndGlobal
