
Microsoft Visual Studio Solution File, Format Version 12.00
# Visual Studio Version 17
VisualStudioVersion = 17.0.32014.148
MinimumVisualStudioVersion = 10.0.40219.1
Project("{FAE04EC0-301F-11D3-BF4B-00C04F79EFBC}") = "UploadJobAzureFunction", "UploadJobAzureFunction\UploadJobAzureFunction.csproj", "{7DCBBFCE-55C7-45FF-BF35-AE76A06BFC22}"
EndProject
Global
	GlobalSection(SolutionConfigurationPlatforms) = preSolution
		Debug|Any CPU = Debug|Any CPU
		Release|Any CPU = Release|Any CPU
	EndGlobalSection
	GlobalSection(ProjectConfigurationPlatforms) = postSolution
		{7DCBBFCE-55C7-45FF-BF35-AE76A06BFC22}.Debug|Any CPU.ActiveCfg = Debug|Any CPU
		{7DCBBFCE-55C7-45FF-BF35-AE76A06BFC22}.Debug|Any CPU.Build.0 = Debug|Any CPU
		{7DCBBFCE-55C7-45FF-BF35-AE76A06BFC22}.Release|Any CPU.ActiveCfg = Release|Any CPU
		{7DCBBFCE-55C7-45FF-BF35-AE76A06BFC22}.Release|Any CPU.Build.0 = Release|Any CPU
	EndGlobalSection
	GlobalSection(SolutionProperties) = preSolution
		HideSolutionNode = FALSE
	EndGlobalSection
	GlobalSection(ExtensibilityGlobals) = postSolution
		SolutionGuid = {D410DA34-E6FA-42BC-9FC4-4E7B30494DD7}
	EndGlobalSection
EndGlobal
